
Microsoft Visual Studio Solution File, Format Version 12.00
# Visual Studio Version 17
VisualStudioVersion = 17.11.35208.52
MinimumVisualStudioVersion = 10.0.40219.1
Project("{9A19103F-16F7-4668-BE54-9A1E7A4F7556}") = "TheEggOfFortune", "TheEggOfFortune\TheEggOfFortune.csproj", "{EA2B3DFE-F2FC-4977-A9BF-8C4EE53A0DE0}"
EndProject
Project("{2150E333-8FDC-42A3-9474-1A3956D46DE8}") = "Solution Items", "Solution Items", "{389F2F38-E098-47D2-85EA-E4DFA5997D4F}"
	ProjectSection(SolutionItems) = preProject
		.gitattributes = .gitattributes
		.gitignore = .gitignore
		LICENSE.txt = LICENSE.txt
		README.md = README.md
	EndProjectSection
EndProject
Global
	GlobalSection(SolutionConfigurationPlatforms) = preSolution
		Debug|Any CPU = Debug|Any CPU
		Release|Any CPU = Release|Any CPU
	EndGlobalSection
	GlobalSection(ProjectConfigurationPlatforms) = postSolution
		{EA2B3DFE-F2FC-4977-A9BF-8C4EE53A0DE0}.Debug|Any CPU.ActiveCfg = Debug|Any CPU
		{EA2B3DFE-F2FC-4977-A9BF-8C4EE53A0DE0}.Debug|Any CPU.Build.0 = Debug|Any CPU
		{EA2B3DFE-F2FC-4977-A9BF-8C4EE53A0DE0}.Debug|Any CPU.Deploy.0 = Debug|Any CPU
		{EA2B3DFE-F2FC-4977-A9BF-8C4EE53A0DE0}.Release|Any CPU.ActiveCfg = Release|Any CPU
		{EA2B3DFE-F2FC-4977-A9BF-8C4EE53A0DE0}.Release|Any CPU.Build.0 = Release|Any CPU
		{EA2B3DFE-F2FC-4977-A9BF-8C4EE53A0DE0}.Release|Any CPU.Deploy.0 = Release|Any CPU
	EndGlobalSection
	GlobalSection(SolutionProperties) = preSolution
		HideSolutionNode = FALSE
	EndGlobalSection
	GlobalSection(ExtensibilityGlobals) = postSolution
		SolutionGuid = {DECF82A6-BABA-4C99-85A2-4E5D0E423AD4}
	EndGlobalSection
EndGlobal
